{
  "name": "aws-example",
  "version": "1.0.0",
  "lockfileVersion": 3,
  "requires": true,
  "packages": {
    "": {
      "name": "aws-example",
      "version": "1.0.0",
      "dependencies": {
        "@raygun.io/aws-lambda": "file:../"
      }
    },
    "..": {
      "version": "0.0.3",
      "license": "MIT",
      "dependencies": {
        "@types/aws-lambda": "^8.10.138",
        "raygun": "^2.0.0"
      },
      "devDependencies": {
        "@eslint/js": "^9.5.0",
        "@stylistic/eslint-plugin": "^2.0.0",
        "@stylistic/eslint-plugin-ts": "^2.2.1",
        "@types/node": "^22.5.1",
        "eslint": "^8.57.0",
        "express": "^4.19.2",
        "http-terminator": "^3.2.0",
        "prettier": "^3.3.2",
        "tap": "^21.0.0",
        "ts-node": "^10.9.2",
        "typescript": "^5.4.5",
        "typescript-eslint": "^7.13.1"
      }
    },
    "node_modules/@raygun.io/aws-lambda": {
      "resolved": "..",
      "link": true
    }
  }
}
